
Microsoft Visual Studio Solution File, Format Version 12.00
# Visual Studio Version 16
VisualStudioVersion = 16.0.31402.337
MinimumVisualStudioVersion = 10.0.40219.1
Project("{E24C65DC-7377-472B-9ABA-BC803B73C61A}") = "JMSODM", "http://localhost:51375", "{317CCE58-BC1C-42F1-B640-57EC590CDFE6}"
	ProjectSection(WebsiteProperties) = preProject
		UseIISExpress = "true"
		TargetFrameworkMoniker = ".NETFramework,Version%3Dv4.7.2"
		Debug.AspNetCompiler.VirtualPath = "/localhost_51375"
		Debug.AspNetCompiler.PhysicalPath = "JMSODM\"
		Debug.AspNetCompiler.TargetPath = "PrecompiledWeb\localhost_51375\"
		Debug.AspNetCompiler.Updateable = "true"
		Debug.AspNetCompiler.ForceOverwrite = "true"
		Debug.AspNetCompiler.FixedNames = "false"
		Debug.AspNetCompiler.Debug = "True"
		Release.AspNetCompiler.VirtualPath = "/localhost_51375"
		Release.AspNetCompiler.PhysicalPath = "JMSODM\"
		Release.AspNetCompiler.TargetPath = "PrecompiledWeb\localhost_51375\"
		Release.AspNetCompiler.Updateable = "true"
		Release.AspNetCompiler.ForceOverwrite = "true"
		Release.AspNetCompiler.FixedNames = "false"
		Release.AspNetCompiler.Debug = "False"
		SlnRelativePath = "JMSODM\"
		DefaultWebSiteLanguage = "Visual Basic"
	EndProjectSection
EndProject
Global
	GlobalSection(SolutionConfigurationPlatforms) = preSolution
		Debug|Any CPU = Debug|Any CPU
	EndGlobalSection
	GlobalSection(ProjectConfigurationPlatforms) = postSolution
		{317CCE58-BC1C-42F1-B640-57EC590CDFE6}.Debug|Any CPU.ActiveCfg = Debug|Any CPU
		{317CCE58-BC1C-42F1-B640-57EC590CDFE6}.Debug|Any CPU.Build.0 = Debug|Any CPU
	EndGlobalSection
	GlobalSection(SolutionProperties) = preSolution
		HideSolutionNode = FALSE
	EndGlobalSection
	GlobalSection(ExtensibilityGlobals) = postSolution
		SolutionGuid = {5F57BA04-CC0C-4EF3-9944-2A48A96F7BD7}
	EndGlobalSection
EndGlobal
